
Microsoft Visual Studio Solution File, Format Version 12.00
# Visual Studio Version 17
VisualStudioVersion = 17.7.34024.191
MinimumVisualStudioVersion = 10.0.40219.1
Project("{FAE04EC0-301F-11D3-BF4B-00C04F79EFBC}") = "AssignmentV", "AssignmentV.csproj", "{BEB5D535-0513-4656-B1B7-CA751C93DDB8}"
EndProject
Global
	GlobalSection(SolutionConfigurationPlatforms) = preSolution
		Debug|Any CPU = Debug|Any CPU
		Release|Any CPU = Release|Any CPU
	EndGlobalSection
	GlobalSection(ProjectConfigurationPlatforms) = postSolution
		{BEB5D535-0513-4656-B1B7-CA751C93DDB8}.Debug|Any CPU.ActiveCfg = Debug|Any CPU
		{BEB5D535-0513-4656-B1B7-CA751C93DDB8}.Debug|Any CPU.Build.0 = Debug|Any CPU
		{BEB5D535-0513-4656-B1B7-CA751C93DDB8}.Release|Any CPU.ActiveCfg = Release|Any CPU
		{BEB5D535-0513-4656-B1B7-CA751C93DDB8}.Release|Any CPU.Build.0 = Release|Any CPU
	EndGlobalSection
	GlobalSection(SolutionProperties) = preSolution
		HideSolutionNode = FALSE
	EndGlobalSection
	GlobalSection(ExtensibilityGlobals) = postSolution
		SolutionGuid = {4164A917-E8E3-4FBD-A631-8D69C4E829A4}
	EndGlobalSection
EndGlobal
